{
  "object": {
    "pins": [
      {
        "package": "Reusable",
        "repositoryURL": "https://github.com/AliSoftware/Reusable",
        "state": {
          "branch": null,
          "revision": "18674709421360e210c2ecd4e8e08b217d4ea61d",
          "version": "4.1.2"
        }
      },
      {
        "package": "RxFlow",
        "repositoryURL": "https://github.com/RxSwiftCommunity/RxFlow",
        "state": {
          "branch": null,
          "revision": "d8d4e53d05239f1ec1bd8bec173907868afa0fa1",
          "version": "2.13.0"
        }
      },
      {
        "package": "RxSwift",
        "repositoryURL": "https://github.com/ReactiveX/RxSwift.git",
        "state": {
          "branch": null,
          "revision": "9dcaa4b333db437b0fbfaf453fad29069044a8b4",
          "version": "6.6.0"
        }
      }
    ]
  },
  "version": 1
}
